// !$*UTF8*$!
{
	archiveVersion = 1;
	classes = {
	};
	objectVersion = 46;
	objects = {

/* Begin PBXBuildFile section */
		EA5E5F661D6E30DD00F89B90 /* AppDelegate.swift in Sources */ = {isa = PBXBuildFile; fileRef = EA5E5F651D6E30DD00F89B90 /* AppDelegate.swift */; };
		EA5E5F681D6E30DD00F89B90 /* ViewController.swift in Sources */ = {isa = PBXBuildFile; fileRef = EA5E5F671D6E30DD00F89B90 /* ViewController.swift */; };
		EA5E5F6B1D6E30DD00F89B90 /* Main.storyboard in Resources */ = {isa = PBXBuildFile; fileRef = EA5E5F691D6E30DD00F89B90 /* Main.storyboard */; };
		EA5E5F6D1D6E30DD00F89B90 /* Assets.xcassets in Resources */ = {isa = PBXBuildFile; fileRef = EA5E5F6C1D6E30DD00F89B90 /* Assets.xcassets */; };
		EA5E5F701D6E30DD00F89B90 /* LaunchScreen.storyboard in Resources */ = {isa = PBXBuildFile; fileRef = EA5E5F6E1D6E30DD00F89B90 /* LaunchScreen.storyboard */; };
/* End PBXBuildFile section */

/* Begin PBXFileReference section */
		EA5E5F621D6E30DD00F89B90 /* Drawing.app */ = {isa = PBXFileReference; explicitFileType = wrapper.application; includeInIndex = 0; path = Drawing.app; sourceTree = BUILT_PRODUCTS_DIR; };
		EA5E5F651D6E30DD00F89B90 /* AppDelegate.swift */ = {isa = PBXFileReference; lastKnownFileType = sourcecode.swift; path = AppDelegate.swift; sourceTree = "<group>"; };
		EA5E5F671D6E30DD00F89B90 /* ViewController.swift */ = {isa = PBXFileReference; lastKnownFileType = sourcecode.swift; path = ViewController.swift; sourceTree = "<group>"; };
		EA5E5F6A1D6E30DD00F89B90 /* Base */ = {isa = PBXFileReference; lastKnownFileType = file.storyboard; name = Base; path = Base.lproj/Main.storyboard; sourceTree = "<group>"; };
		EA5E5F6C1D6E30DD00F89B90 /* Assets.xcassets */ = {isa = PBXFileReference; lastKnownFileType = folder.assetcatalog; path = Assets.xcassets; sourceTree = "<group>"; };
		EA5E5F6F1D6E30DD00F89B90 /* Base */ = {isa = PBXFileReference; lastKnownFileType = file.storyboard; name = Base; path = Base.lproj/LaunchScreen.storyboard; sourceTree = "<group>"; };
		EA5E5F711D6E30DD00F89B90 /* Info.plist */ = {isa = PBXFileReference; lastKnownFileType = text.plist.xml; path = Info.plist; sourceTree = "<group>"; };
/* End PBXFileReference section */

/* Begin PBXFrameworksBuildPhase section */
		EA5E5F5F1D6E30DD00F89B90 /* Frameworks */ = {
			isa = PBXFrameworksBuildPhase;
			buildActionMask = 2147483647;
			files = (
			);
			runOnlyForDeploymentPostprocessing = 0;
		};
/* End PBXFrameworksBuildPhase section */

/* Begin PBXGroup section */
		EA5E5F591D6E30DD00F89B90 = {
			isa = PBXGroup;
			children = (
				EA5E5F641D6E30DD00F89B90 /* Drawing */,
				EA5E5F631D6E30DD00F89B90 /* Products */,
			);
			sourceTree = "<group>";
		};
		EA5E5F631D6E30DD00F89B90 /* Products */ = {
			isa = PBXGroup;
			children = (
				EA5E5F621D6E30DD00F89B90 /* Drawing.app */,
			);
			name = Products;
			sourceTree = "<group>";
		};
		EA5E5F641D6E30DD00F89B90 /* Drawing */ = {
			isa = PBXGroup;
			children = (
				EA5E5F651D6E30DD00F89B90 /* AppDelegate.swift */,
				EA5E5F671D6E30DD00F89B90 /* ViewController.swift */,
				EA5E5F691D6E30DD00F89B90 /* Main.storyboard */,
				EA5E5F6C1D6E30DD00F89B90 /* Assets.xcassets */,
				EA5E5F6E1D6E30DD00F89B90 /* LaunchScreen.storyboard */,
				EA5E5F711D6E30DD00F89B90 /* Info.plist */,
			);
			path = Drawing;
			sourceTree = "<group>";
		};
/* End PBXGroup section */

/* Begin PBXNativeTarget section */
		EA5E5F611D6E30DD00F89B90 /* Drawing */ = {
			isa = PBXNativeTarget;
			buildConfigurationList = EA5E5F741D6E30DD00F89B90 /* Build configuration list for PBXNativeTarget "Drawing" */;
			buildPhases = (
				EA5E5F5E1D6E30DD00F89B90 /* Sources */,
				EA5E5F5F1D6E30DD00F89B90 /* Frameworks */,
				EA5E5F601D6E30DD00F89B90 /* Resources */,
			);
			buildRules = (
			);
			dependencies = (
			);
			name = Drawing;
			productName = Drawing;
			productReference = EA5E5F621D6E30DD00F89B90 /* Drawing.app */;
			productType = "com.apple.product-type.application";
		};
/* End PBXNativeTarget section */

/* Begin PBXProject section */
		EA5E5F5A1D6E30DD00F89B90 /* Project object */ = {
			isa = PBXProject;
			attributes = {
				LastSwiftUpdateCheck = 0730;
				LastUpgradeCheck = 0730;
				ORGANIZATIONNAME = "Martin Matějka";
				TargetAttributes = {
					EA5E5F611D6E30DD00F89B90 = {
						CreatedOnToolsVersion = 7.3;
						DevelopmentTeam = ML9FUD8KSJ;
					};
				};
			};
			buildConfigurationList = EA5E5F5D1D6E30DD00F89B90 /* Build configuration list for PBXProject "Drawing" */;
			compatibilityVersion = "Xcode 3.2";
			developmentRegion = English;
			hasScannedForEncodings = 0;
			knownRegions = (
				en,
				Base,
			);
			mainGroup = EA5E5F591D6E30DD00F89B90;
			productRefGroup = EA5E5F631D6E30DD00F89B90 /* Products */;
			projectDirPath = "";
			projectRoot = "";
			targets = (
				EA5E5F611D6E30DD00F89B90 /* Drawing */,
			);
		};
/* End PBXProject section */

/* Begin PBXResourcesBuildPhase section */
		EA5E5F601D6E30DD00F89B90 /* Resources */ = {
			isa = PBXResourcesBuildPhase;
			buildActionMask = 2147483647;
			files = (
				EA5E5F701D6E30DD00F89B90 /* LaunchScreen.storyboard in Resources */,
				EA5E5F6D1D6E30DD00F89B90 /* Assets.xcassets in Resources */,
				EA5E5F6B1D6E30DD00F89B90 /* Main.storyboard in Resources */,
			);
			runOnlyForDeploymentPostprocessing = 0;
		};
/* End PBXResourcesBuildPhase section */

/* Begin PBXSourcesBuildPhase section */
		EA5E5F5E1D6E30DD00F89B90 /* Sources */ = {
			isa = PBXSourcesBuildPhase;
			buildActionMask = 2147483647;
			files = (
				EA5E5F681D6E30DD00F89B90 /* ViewController.swift in Sources */,
				EA5E5F661D6E30DD00F89B90 /* AppDelegate.swift in Sources */,
			);
			runOnlyForDeploymentPostprocessing = 0;
		};
/* End PBXSourcesBuildPhase section */

/* Begin PBXVariantGroup section */
		EA5E5F691D6E30DD00F89B90 /* Main.storyboard */ = {
			isa = PBXVariantGroup;
			children = (
				EA5E5F6A1D6E30DD00F89B90 /* Base */,
			);
			name = Main.storyboard;
			sourceTree = "<group>";
		};
		EA5E5F6E1D6E30DD00F89B90 /* LaunchScreen.storyboard */ = {
			isa = PBXVariantGroup;
			children = (
				EA5E5F6F1D6E30DD00F89B90 /* Base */,
			);
			name = LaunchScreen.storyboard;
			sourceTree = "<group>";
		};
/* End PBXVariantGroup section */

/* Begin XCBuildConfiguration section */
		EA5E5F721D6E30DD00F89B90 /* Debug */ = {
			isa = XCBuildConfiguration;
			buildSettings = {
				ALWAYS_SEARCH_USER_PATHS = NO;
				CLANG_ANALYZER_NONNULL = YES;
				CLANG_CXX_LANGUAGE_STANDARD = "gnu++0x";
				CLANG_CXX_LIBRARY = "libc++";
				CLANG_ENABLE_MODULES = YES;
				CLANG_ENABLE_OBJC_ARC = YES;
				CLANG_WARN_BOOL_CONVERSION = YES;
				CLANG_WARN_CONSTANT_CONVERSION = YES;
				CLANG_WARN_DIRECT_OBJC_ISA_USAGE = YES_ERROR;
				CLANG_WARN_EMPTY_BODY = YES;
				CLANG_WARN_ENUM_CONVERSION = YES;
				CLANG_WARN_INT_CONVERSION = YES;
				CLANG_WARN_OBJC_ROOT_CLASS = YES_ERROR;
				CLANG_WARN_UNREACHABLE_CODE = YES;
				CLANG_WARN__DUPLICATE_METHOD_MATCH = YES;
				"CODE_SIGN_IDENTITY[sdk=iphoneos*]" = "iPhone Developer";
				COPY_PHASE_STRIP = NO;
				DEBUG_INFORMATION_FORMAT = dwarf;
				ENABLE_STRICT_OBJC_MSGSEND = YES;
				ENABLE_TESTABILITY = YES;
				GCC_C_LANGUAGE_STANDARD = gnu99;
				GCC_DYNAMIC_NO_PIC = NO;
				GCC_NO_COMMON_BLOCKS = YES;
				GCC_OPTIMIZATION_LEVEL = 0;
				GCC_PREPROCESSOR_DEFINITIONS = (
					"DEBUG=1",
					"$(inherited)",
				);
				GCC_WARN_64_TO_32_BIT_CONVERSION = YES;
				GCC_WARN_ABOUT_RETURN_TYPE = YES_ERROR;
				GCC_WARN_UNDECLARED_SELECTOR = YES;
				GCC_WARN_UNINITIALIZED_AUTOS = YES_AGGRESSIVE;
				GCC_WARN_UNUSED_FUNCTION = YES;
				GCC_WARN_UNUSED_VARIABLE = YES;
				IPHONEOS_DEPLOYMENT_TARGET = 9.3;
				MTL_ENABLE_DEBUG_INFO = YES;
				ONLY_ACTIVE_ARCH = YES;
				SDKROOT = iphoneos;
				SWIFT_OPTIMIZATION_LEVEL = "-Onone";
			};
			name = Debug;
		};
		EA5E5F731D6E30DD00F89B90 /* Release */ = {
			isa = XCBuildConfiguration;
			buildSettings = {
				ALWAYS_SEARCH_USER_PATHS = NO;
				CLANG_ANALYZER_NONNULL = YES;
				CLANG_CXX_LANGUAGE_STANDARD = "gnu++0x";
				CLANG_CXX_LIBRARY = "libc++";
				CLANG_ENABLE_MODULES = YES;
				CLANG_ENABLE_OBJC_ARC = YES;
				CLANG_WARN_BOOL_CONVERSION = YES;
				CLANG_WARN_CONSTANT_CONVERSION = YES;
				CLANG_WARN_DIRECT_OBJC_ISA_USAGE = YES_ERROR;
				CLANG_WARN_EMPTY_BODY = YES;
				CLANG_WARN_ENUM_CONVERSION = YES;
				CLANG_WARN_INT_CONVERSION = YES;
				CLANG_WARN_OBJC_ROOT_CLASS = YES_ERROR;
				CLANG_WARN_UNREACHABLE_CODE = YES;
				CLANG_WARN__DUPLICATE_METHOD_MATCH = YES;
				"CODE_SIGN_IDENTITY[sdk=iphoneos*]" = "iPhone Developer";
				COPY_PHASE_STRIP = NO;
				DEBUG_INFORMATION_FORMAT = "dwarf-with-dsym";
				ENABLE_NS_ASSERTIONS = NO;
				ENABLE_STRICT_OBJC_MSGSEND = YES;
				GCC_C_LANGUAGE_STANDARD = gnu99;
				GCC_NO_COMMON_BLOCKS = YES;
				GCC_WARN_64_TO_32_BIT_CONVERSION = YES;
				GCC_WARN_ABOUT_RETURN_TYPE = YES_ERROR;
				GCC_WARN_UNDECLARED_SELECTOR = YES;
				GCC_WARN_UNINITIALIZED_AUTOS = YES_AGGRESSIVE;
				GCC_WARN_UNUSED_FUNCTION = YES;
				GCC_WARN_UNUSED_VARIABLE = YES;
				IPHONEOS_DEPLOYMENT_TARGET = 9.3;
				MTL_ENABLE_DEBUG_INFO = NO;
				SDKROOT = iphoneos;
				VALIDATE_PRODUCT = YES;
			};
			name = Release;
		};
		EA5E5F751D6E30DD00F89B90 /* Debug */ = {
			isa = XCBuildConfiguration;
			buildSettings = {
				ASSETCATALOG_COMPILER_APPICON_NAME = AppIcon;
				INFOPLIST_FILE = Drawing/Info.plist;
				LD_RUNPATH_SEARCH_PATHS = "$(inherited) @executable_path/Frameworks";
				PRODUCT_BUNDLE_IDENTIFIER = com.martinmatejka2.Drawing;
				PRODUCT_NAME = "$(TARGET_NAME)";
			};
			name = Debug;
		};
		EA5E5F761D6E30DD00F89B90 /* Release */ = {
			isa = XCBuildConfiguration;
			buildSettings = {
				ASSETCATALOG_COMPILER_APPICON_NAME = AppIcon;
				INFOPLIST_FILE = Drawing/Info.plist;
				LD_RUNPATH_SEARCH_PATHS = "$(inherited) @executable_path/Frameworks";
				PRODUCT_BUNDLE_IDENTIFIER = com.martinmatejka2.Drawing;
				PRODUCT_NAME = "$(TARGET_NAME)";
			};
			name = Release;
		};
/* End XCBuildConfiguration section */

/* Begin XCConfigurationList section */
		EA5E5F5D1D6E30DD00F89B90 /* Build configuration list for PBXProject "Drawing" */ = {
			isa = XCConfigurationList;
			buildConfigurations = (
				EA5E5F721D6E30DD00F89B90 /* Debug */,
				EA5E5F731D6E30DD00F89B90 /* Release */,
			);
			defaultConfigurationIsVisible = 0;
			defaultConfigurationName = Release;
		};
		EA5E5F741D6E30DD00F89B90 /* Build configuration list for PBXNativeTarget "Drawing" */ = {
			isa = XCConfigurationList;
			buildConfigurations = (
				EA5E5F751D6E30DD00F89B90 /* Debug */,
				EA5E5F761D6E30DD00F89B90 /* Release */,
			);
			defaultConfigurationIsVisible = 0;
		};
/* End XCConfigurationList section */
	};
	rootObject = EA5E5F5A1D6E30DD00F89B90 /* Project object */;
}
